
Microsoft Visual Studio Solution File, Format Version 12.00
# Visual Studio Version 17
VisualStudioVersion = 17.9.34728.123
MinimumVisualStudioVersion = 10.0.40219.1
Project("{2150E333-8FDC-42A3-9474-1A3956D46DE8}") = "src", "src", "{71DC35C4-01E0-47C0-A566-42E0892AD9EF}"
EndProject
Project("{2150E333-8FDC-42A3-9474-1A3956D46DE8}") = "tests", "tests", "{58ED209C-2D15-4608-A042-A27F768A98BA}"
EndProject
Project("{9A19103F-16F7-4668-BE54-9A1E7A4F7556}") = "ObjectSim.BusinessLogic", "src\ObjectSim.BusinessLogic\ObjectSim.BusinessLogic.csproj", "{A11E50DB-D98C-4112-B920-D522597007EF}"
EndProject
Project("{9A19103F-16F7-4668-BE54-9A1E7A4F7556}") = "ObjectSim.Domain", "src\ObjectSim.Domain\ObjectSim.Domain.csproj", "{1F9389D9-E4AA-4714-BE38-FF97B1D66D15}"
EndProject
Project("{9A19103F-16F7-4668-BE54-9A1E7A4F7556}") = "ObjectSim.BusinessLogic.Test", "tests\ObjectSim.BusinessLogic.Test\ObjectSim.BusinessLogic.Test.csproj", "{9D527C21-03C7-4593-A51A-5D109C6728BF}"
EndProject
Project("{9A19103F-16F7-4668-BE54-9A1E7A4F7556}") = "ObjectSim.Domain.Test", "tests\ObjectSim.Domain.Test\ObjectSim.Domain.Test.csproj", "{F7AE48DB-8A3D-4009-B4ED-4B5B8A3BAF34}"
EndProject
Project("{FAE04EC0-301F-11D3-BF4B-00C04F79EFBC}") = "ObjectSim.IBusinessLogic", "src\ObjectSim.IBusinessLogic\ObjectSim.IBusinessLogic.csproj", "{3954172F-8075-4F44-9CBD-F6C4165E2939}"
EndProject
Project("{FAE04EC0-301F-11D3-BF4B-00C04F79EFBC}") = "ObjectSim.DataAccess.Test", "tests\ObjectSim.DataAccess.Test\ObjectSim.DataAccess.Test.csproj", "{842BC71A-EE46-4A1E-BD36-A34058C7E131}"
EndProject
Project("{FAE04EC0-301F-11D3-BF4B-00C04F79EFBC}") = "ObjectSim.DataAccess", "src\ObjectSim.DataAccess\ObjectSim.DataAccess.csproj", "{291FB926-CD4F-4555-A7B8-B7DD1D3D1071}"
EndProject
Project("{FAE04EC0-301F-11D3-BF4B-00C04F79EFBC}") = "ObjectSim.WebApi", "src\ObjectSim.WebApi\ObjectSim.WebApi.csproj", "{886E568F-B5AB-4CAC-826E-E70ED4351737}"
EndProject
Project("{FAE04EC0-301F-11D3-BF4B-00C04F79EFBC}") = "ObjectSim.WebApi.Test", "tests\ObjectSim.WebApi.Test\ObjectSim.WebApi.Test.csproj", "{C8033819-5046-41F5-8A35-F63178800EB1}"
EndProject
Global
	GlobalSection(SolutionConfigurationPlatforms) = preSolution
		Debug|Any CPU = Debug|Any CPU
		Release|Any CPU = Release|Any CPU
	EndGlobalSection
	GlobalSection(ProjectConfigurationPlatforms) = postSolution
		{A11E50DB-D98C-4112-B920-D522597007EF}.Debug|Any CPU.ActiveCfg = Debug|Any CPU
		{A11E50DB-D98C-4112-B920-D522597007EF}.Debug|Any CPU.Build.0 = Debug|Any CPU
		{A11E50DB-D98C-4112-B920-D522597007EF}.Release|Any CPU.ActiveCfg = Release|Any CPU
		{A11E50DB-D98C-4112-B920-D522597007EF}.Release|Any CPU.Build.0 = Release|Any CPU
		{1F9389D9-E4AA-4714-BE38-FF97B1D66D15}.Debug|Any CPU.ActiveCfg = Debug|Any CPU
		{1F9389D9-E4AA-4714-BE38-FF97B1D66D15}.Debug|Any CPU.Build.0 = Debug|Any CPU
		{1F9389D9-E4AA-4714-BE38-FF97B1D66D15}.Release|Any CPU.ActiveCfg = Release|Any CPU
		{1F9389D9-E4AA-4714-BE38-FF97B1D66D15}.Release|Any CPU.Build.0 = Release|Any CPU
		{9D527C21-03C7-4593-A51A-5D109C6728BF}.Debug|Any CPU.ActiveCfg = Debug|Any CPU
		{9D527C21-03C7-4593-A51A-5D109C6728BF}.Debug|Any CPU.Build.0 = Debug|Any CPU
		{9D527C21-03C7-4593-A51A-5D109C6728BF}.Release|Any CPU.ActiveCfg = Release|Any CPU
		{9D527C21-03C7-4593-A51A-5D109C6728BF}.Release|Any CPU.Build.0 = Release|Any CPU
		{F7AE48DB-8A3D-4009-B4ED-4B5B8A3BAF34}.Debug|Any CPU.ActiveCfg = Debug|Any CPU
		{F7AE48DB-8A3D-4009-B4ED-4B5B8A3BAF34}.Debug|Any CPU.Build.0 = Debug|Any CPU
		{F7AE48DB-8A3D-4009-B4ED-4B5B8A3BAF34}.Release|Any CPU.ActiveCfg = Release|Any CPU
		{F7AE48DB-8A3D-4009-B4ED-4B5B8A3BAF34}.Release|Any CPU.Build.0 = Release|Any CPU
		{3954172F-8075-4F44-9CBD-F6C4165E2939}.Debug|Any CPU.ActiveCfg = Debug|Any CPU
		{3954172F-8075-4F44-9CBD-F6C4165E2939}.Debug|Any CPU.Build.0 = Debug|Any CPU
		{3954172F-8075-4F44-9CBD-F6C4165E2939}.Release|Any CPU.ActiveCfg = Release|Any CPU
		{3954172F-8075-4F44-9CBD-F6C4165E2939}.Release|Any CPU.Build.0 = Release|Any CPU
		{A11E50DB-D98C-4112-B920-D522597007EF}.Debug|Any CPU.ActiveCfg = Debug|Any CPU
		{A11E50DB-D98C-4112-B920-D522597007EF}.Debug|Any CPU.Build.0 = Debug|Any CPU
		{9D527C21-03C7-4593-A51A-5D109C6728BF}.Debug|Any CPU.ActiveCfg = Debug|Any CPU
		{9D527C21-03C7-4593-A51A-5D109C6728BF}.Debug|Any CPU.Build.0 = Debug|Any CPU
		{9D527C21-03C7-4593-A51A-5D109C6728BF}.Release|Any CPU.ActiveCfg = Release|Any CPU
		{9D527C21-03C7-4593-A51A-5D109C6728BF}.Release|Any CPU.Build.0 = Release|Any CPU
		{842BC71A-EE46-4A1E-BD36-A34058C7E131}.Debug|Any CPU.ActiveCfg = Debug|Any CPU
		{842BC71A-EE46-4A1E-BD36-A34058C7E131}.Debug|Any CPU.Build.0 = Debug|Any CPU
		{842BC71A-EE46-4A1E-BD36-A34058C7E131}.Release|Any CPU.ActiveCfg = Release|Any CPU
		{842BC71A-EE46-4A1E-BD36-A34058C7E131}.Release|Any CPU.Build.0 = Release|Any CPU
		{291FB926-CD4F-4555-A7B8-B7DD1D3D1071}.Debug|Any CPU.ActiveCfg = Debug|Any CPU
		{291FB926-CD4F-4555-A7B8-B7DD1D3D1071}.Debug|Any CPU.Build.0 = Debug|Any CPU
		{291FB926-CD4F-4555-A7B8-B7DD1D3D1071}.Release|Any CPU.ActiveCfg = Release|Any CPU
		{291FB926-CD4F-4555-A7B8-B7DD1D3D1071}.Release|Any CPU.Build.0 = Release|Any CPU
		{886E568F-B5AB-4CAC-826E-E70ED4351737}.Debug|Any CPU.ActiveCfg = Debug|Any CPU
		{886E568F-B5AB-4CAC-826E-E70ED4351737}.Debug|Any CPU.Build.0 = Debug|Any CPU
		{886E568F-B5AB-4CAC-826E-E70ED4351737}.Release|Any CPU.ActiveCfg = Release|Any CPU
		{886E568F-B5AB-4CAC-826E-E70ED4351737}.Release|Any CPU.Build.0 = Release|Any CPU
		{C8033819-5046-41F5-8A35-F63178800EB1}.Debug|Any CPU.ActiveCfg = Debug|Any CPU
		{C8033819-5046-41F5-8A35-F63178800EB1}.Debug|Any CPU.Build.0 = Debug|Any CPU
		{C8033819-5046-41F5-8A35-F63178800EB1}.Release|Any CPU.ActiveCfg = Release|Any CPU
		{C8033819-5046-41F5-8A35-F63178800EB1}.Release|Any CPU.Build.0 = Release|Any CPU
	EndGlobalSection
	GlobalSection(SolutionProperties) = preSolution
		HideSolutionNode = FALSE
	EndGlobalSection
	GlobalSection(NestedProjects) = preSolution
		{A11E50DB-D98C-4112-B920-D522597007EF} = {71DC35C4-01E0-47C0-A566-42E0892AD9EF}
		{1F9389D9-E4AA-4714-BE38-FF97B1D66D15} = {71DC35C4-01E0-47C0-A566-42E0892AD9EF}
		{9D527C21-03C7-4593-A51A-5D109C6728BF} = {58ED209C-2D15-4608-A042-A27F768A98BA}
		{F7AE48DB-8A3D-4009-B4ED-4B5B8A3BAF34} = {58ED209C-2D15-4608-A042-A27F768A98BA}
		{3954172F-8075-4F44-9CBD-F6C4165E2939} = {71DC35C4-01E0-47C0-A566-42E0892AD9EF}
		{A11E50DB-D98C-4112-B920-D522597007EF} = {71DC35C4-01E0-47C0-A566-42E0892AD9EF}
		{9D527C21-03C7-4593-A51A-5D109C6728BF} = {58ED209C-2D15-4608-A042-A27F768A98BA}
		{842BC71A-EE46-4A1E-BD36-A34058C7E131} = {58ED209C-2D15-4608-A042-A27F768A98BA}
		{291FB926-CD4F-4555-A7B8-B7DD1D3D1071} = {71DC35C4-01E0-47C0-A566-42E0892AD9EF}
		{886E568F-B5AB-4CAC-826E-E70ED4351737} = {71DC35C4-01E0-47C0-A566-42E0892AD9EF}
		{C8033819-5046-41F5-8A35-F63178800EB1} = {58ED209C-2D15-4608-A042-A27F768A98BA}
	EndGlobalSection
	GlobalSection(ExtensibilityGlobals) = postSolution
		SolutionGuid = {CC05B606-312E-4F2D-B29B-42AA215262C4}
	EndGlobalSection
EndGlobal
