
Microsoft Visual Studio Solution File, Format Version 12.00
Project("{FAE04EC0-301F-11D3-BF4B-00C04F79EFBC}") = "ObjectSim", "ObjectSim\ObjectSim.csproj", "{E268FFCE-C4A5-46CD-A9E1-0A7959F33096}"
EndProject
Project("{FAE04EC0-301F-11D3-BF4B-00C04F79EFBC}") = "TestProject1", "TestProject1\TestProject1.csproj", "{783EFD04-1889-4468-9D86-BC37E5F72B94}"
EndProject
Project("{2150E333-8FDC-42A3-9474-1A3956D46DE8}") = "src", "src", "{71DC35C4-01E0-47C0-A566-42E0892AD9EF}"
EndProject
Project("{FAE04EC0-301F-11D3-BF4B-00C04F79EFBC}") = "ObjectSim.Domain", "ObjectSim.Domain\ObjectSim.Domain.csproj", "{B1025DC3-EA50-4C53-AA3C-385551B34D89}"
EndProject
Project("{2150E333-8FDC-42A3-9474-1A3956D46DE8}") = "tests", "tests", "{58ED209C-2D15-4608-A042-A27F768A98BA}"
EndProject
Project("{FAE04EC0-301F-11D3-BF4B-00C04F79EFBC}") = "ObjectSim.BusinessLogic.Test", "tests\ObjectSim.BusinessLogic.Test\ObjectSim.BusinessLogic.Test.csproj", "{88B25640-C24F-43D9-8EED-0938AE952FF0}"
EndProject
Project("{FAE04EC0-301F-11D3-BF4B-00C04F79EFBC}") = "ObjectSim.BusinessLogic", "ObjectSim.BusinessLogic\ObjectSim.BusinessLogic.csproj", "{7AACF5A3-303F-4A58-8D34-4110D5118836}"
EndProject
Global
	GlobalSection(SolutionConfigurationPlatforms) = preSolution
		Debug|Any CPU = Debug|Any CPU
		Release|Any CPU = Release|Any CPU
	EndGlobalSection
	GlobalSection(ProjectConfigurationPlatforms) = postSolution
		{E268FFCE-C4A5-46CD-A9E1-0A7959F33096}.Debug|Any CPU.ActiveCfg = Debug|Any CPU
		{E268FFCE-C4A5-46CD-A9E1-0A7959F33096}.Debug|Any CPU.Build.0 = Debug|Any CPU
		{E268FFCE-C4A5-46CD-A9E1-0A7959F33096}.Release|Any CPU.ActiveCfg = Release|Any CPU
		{E268FFCE-C4A5-46CD-A9E1-0A7959F33096}.Release|Any CPU.Build.0 = Release|Any CPU
		{783EFD04-1889-4468-9D86-BC37E5F72B94}.Debug|Any CPU.ActiveCfg = Debug|Any CPU
		{783EFD04-1889-4468-9D86-BC37E5F72B94}.Debug|Any CPU.Build.0 = Debug|Any CPU
		{783EFD04-1889-4468-9D86-BC37E5F72B94}.Release|Any CPU.ActiveCfg = Release|Any CPU
		{783EFD04-1889-4468-9D86-BC37E5F72B94}.Release|Any CPU.Build.0 = Release|Any CPU
		{B1025DC3-EA50-4C53-AA3C-385551B34D89}.Debug|Any CPU.ActiveCfg = Debug|Any CPU
		{B1025DC3-EA50-4C53-AA3C-385551B34D89}.Debug|Any CPU.Build.0 = Debug|Any CPU
		{B1025DC3-EA50-4C53-AA3C-385551B34D89}.Release|Any CPU.ActiveCfg = Release|Any CPU
		{B1025DC3-EA50-4C53-AA3C-385551B34D89}.Release|Any CPU.Build.0 = Release|Any CPU
		{88B25640-C24F-43D9-8EED-0938AE952FF0}.Debug|Any CPU.ActiveCfg = Debug|Any CPU
		{88B25640-C24F-43D9-8EED-0938AE952FF0}.Debug|Any CPU.Build.0 = Debug|Any CPU
		{88B25640-C24F-43D9-8EED-0938AE952FF0}.Release|Any CPU.ActiveCfg = Release|Any CPU
		{88B25640-C24F-43D9-8EED-0938AE952FF0}.Release|Any CPU.Build.0 = Release|Any CPU
		{7AACF5A3-303F-4A58-8D34-4110D5118836}.Debug|Any CPU.ActiveCfg = Debug|Any CPU
		{7AACF5A3-303F-4A58-8D34-4110D5118836}.Debug|Any CPU.Build.0 = Debug|Any CPU
		{7AACF5A3-303F-4A58-8D34-4110D5118836}.Release|Any CPU.ActiveCfg = Release|Any CPU
		{7AACF5A3-303F-4A58-8D34-4110D5118836}.Release|Any CPU.Build.0 = Release|Any CPU
	EndGlobalSection
	GlobalSection(NestedProjects) = preSolution
		{E268FFCE-C4A5-46CD-A9E1-0A7959F33096} = {71DC35C4-01E0-47C0-A566-42E0892AD9EF}
		{B1025DC3-EA50-4C53-AA3C-385551B34D89} = {71DC35C4-01E0-47C0-A566-42E0892AD9EF}
		{783EFD04-1889-4468-9D86-BC37E5F72B94} = {58ED209C-2D15-4608-A042-A27F768A98BA}
		{88B25640-C24F-43D9-8EED-0938AE952FF0} = {58ED209C-2D15-4608-A042-A27F768A98BA}
		{7AACF5A3-303F-4A58-8D34-4110D5118836} = {71DC35C4-01E0-47C0-A566-42E0892AD9EF}
	EndGlobalSection
EndGlobal
